
Microsoft Visual Studio Solution File, Format Version 12.00
# Visual Studio Version 17
VisualStudioVersion = 17.0.31903.59
MinimumVisualStudioVersion = 10.0.40219.1
Project("{9A19103F-16F7-4668-BE54-9A1E7A4F7556}") = "Ilovecode.EFCore.RepositoryBase", "Ilovecode.EFCore.RepositoryBase\Ilovecode.EFCore.RepositoryBase.csproj", "{57DC98AC-B5C1-4036-877A-4C2C5E923763}"
EndProject
Global
	GlobalSection(SolutionConfigurationPlatforms) = preSolution
		Debug|Any CPU = Debug|Any CPU
		Release|Any CPU = Release|Any CPU
	EndGlobalSection
	GlobalSection(ProjectConfigurationPlatforms) = postSolution
		{57DC98AC-B5C1-4036-877A-4C2C5E923763}.Debug|Any CPU.ActiveCfg = Debug|Any CPU
		{57DC98AC-B5C1-4036-877A-4C2C5E923763}.Debug|Any CPU.Build.0 = Debug|Any CPU
		{57DC98AC-B5C1-4036-877A-4C2C5E923763}.Release|Any CPU.ActiveCfg = Release|Any CPU
		{57DC98AC-B5C1-4036-877A-4C2C5E923763}.Release|Any CPU.Build.0 = Release|Any CPU
	EndGlobalSection
	GlobalSection(SolutionProperties) = preSolution
		HideSolutionNode = FALSE
	EndGlobalSection
	GlobalSection(ExtensibilityGlobals) = postSolution
		SolutionGuid = {8577C3BE-3E40-49B4-94B3-26CA042FDE97}
	EndGlobalSection
EndGlobal
